// !$*UTF8*$!
{
	archiveVersion = 1;
	classes = {
	};
	objectVersion = 46;
	objects = {

/* Begin PBXBuildFile section */
		C20241641CBF2F2800DD0961 /* AppDelegate.swift in Sources */ = {isa = PBXBuildFile; fileRef = C20241631CBF2F2800DD0961 /* AppDelegate.swift */; };
		C20241661CBF2F2800DD0961 /* ViewController.swift in Sources */ = {isa = PBXBuildFile; fileRef = C20241651CBF2F2800DD0961 /* ViewController.swift */; };
		C20241691CBF2F2800DD0961 /* Main.storyboard in Resources */ = {isa = PBXBuildFile; fileRef = C20241671CBF2F2800DD0961 /* Main.storyboard */; };
		C202416B1CBF2F2800DD0961 /* Assets.xcassets in Resources */ = {isa = PBXBuildFile; fileRef = C202416A1CBF2F2800DD0961 /* Assets.xcassets */; };
		C202416E1CBF2F2800DD0961 /* LaunchScreen.storyboard in Resources */ = {isa = PBXBuildFile; fileRef = C202416C1CBF2F2800DD0961 /* LaunchScreen.storyboard */; };
/* End PBXBuildFile section */

/* Begin PBXFileReference section */
		C20241601CBF2F2800DD0961 /* CoolApp.app */ = {isa = PBXFileReference; explicitFileType = wrapper.application; includeInIndex = 0; path = CoolApp.app; sourceTree = BUILT_PRODUCTS_DIR; };
		C20241631CBF2F2800DD0961 /* AppDelegate.swift */ = {isa = PBXFileReference; lastKnownFileType = sourcecode.swift; path = AppDelegate.swift; sourceTree = "<group>"; };
		C20241651CBF2F2800DD0961 /* ViewController.swift */ = {isa = PBXFileReference; lastKnownFileType = sourcecode.swift; path = ViewController.swift; sourceTree = "<group>"; };
		C20241681CBF2F2800DD0961 /* Base */ = {isa = PBXFileReference; lastKnownFileType = file.storyboard; name = Base; path = Base.lproj/Main.storyboard; sourceTree = "<group>"; };
		C202416A1CBF2F2800DD0961 /* Assets.xcassets */ = {isa = PBXFileReference; lastKnownFileType = folder.assetcatalog; path = Assets.xcassets; sourceTree = "<group>"; };
		C202416D1CBF2F2800DD0961 /* Base */ = {isa = PBXFileReference; lastKnownFileType = file.storyboard; name = Base; path = Base.lproj/LaunchScreen.storyboard; sourceTree = "<group>"; };
		C202416F1CBF2F2800DD0961 /* Info.plist */ = {isa = PBXFileReference; lastKnownFileType = text.plist.xml; path = Info.plist; sourceTree = "<group>"; };
/* End PBXFileReference section */

/* Begin PBXFrameworksBuildPhase section */
		C202415D1CBF2F2800DD0961 /* Frameworks */ = {
			isa = PBXFrameworksBuildPhase;
			buildActionMask = 2147483647;
			files = (
			);
			runOnlyForDeploymentPostprocessing = 0;
		};
/* End PBXFrameworksBuildPhase section */

/* Begin PBXGroup section */
		C20241571CBF2F2800DD0961 = {
			isa = PBXGroup;
			children = (
				C20241621CBF2F2800DD0961 /* CoolApp */,
				C20241611CBF2F2800DD0961 /* Products */,
			);
			sourceTree = "<group>";
		};
		C20241611CBF2F2800DD0961 /* Products */ = {
			isa = PBXGroup;
			children = (
				C20241601CBF2F2800DD0961 /* CoolApp.app */,
			);
			name = Products;
			sourceTree = "<group>";
		};
		C20241621CBF2F2800DD0961 /* CoolApp */ = {
			isa = PBXGroup;
			children = (
				C20241631CBF2F2800DD0961 /* AppDelegate.swift */,
				C20241651CBF2F2800DD0961 /* ViewController.swift */,
				C20241671CBF2F2800DD0961 /* Main.storyboard */,
				C202416A1CBF2F2800DD0961 /* Assets.xcassets */,
				C202416C1CBF2F2800DD0961 /* LaunchScreen.storyboard */,
				C202416F1CBF2F2800DD0961 /* Info.plist */,
			);
			path = CoolApp;
			sourceTree = "<group>";
		};
/* End PBXGroup section */

/* Begin PBXNativeTarget section */
		C202415F1CBF2F2800DD0961 /* CoolApp */ = {
			isa = PBXNativeTarget;
			buildConfigurationList = C20241721CBF2F2800DD0961 /* Build configuration list for PBXNativeTarget "CoolApp" */;
			buildPhases = (
				C202415C1CBF2F2800DD0961 /* Sources */,
				C202415D1CBF2F2800DD0961 /* Frameworks */,
				C202415E1CBF2F2800DD0961 /* Resources */,
			);
			buildRules = (
			);
			dependencies = (
			);
			name = CoolApp;
			productName = CoolApp;
			productReference = C20241601CBF2F2800DD0961 /* CoolApp.app */;
			productType = "com.apple.product-type.application";
		};
/* End PBXNativeTarget section */

/* Begin PBXProject section */
		C20241581CBF2F2800DD0961 /* Project object */ = {
			isa = PBXProject;
			attributes = {
				LastSwiftUpdateCheck = 0730;
				LastUpgradeCheck = 0730;
				ORGANIZATIONNAME = Samao;
				TargetAttributes = {
					C202415F1CBF2F2800DD0961 = {
						CreatedOnToolsVersion = 7.3;
					};
				};
			};
			buildConfigurationList = C202415B1CBF2F2800DD0961 /* Build configuration list for PBXProject "CoolApp" */;
			compatibilityVersion = "Xcode 3.2";
			developmentRegion = English;
			hasScannedForEncodings = 0;
			knownRegions = (
				en,
				Base,
			);
			mainGroup = C20241571CBF2F2800DD0961;
			productRefGroup = C20241611CBF2F2800DD0961 /* Products */;
			projectDirPath = "";
			projectRoot = "";
			targets = (
				C202415F1CBF2F2800DD0961 /* CoolApp */,
			);
		};
/* End PBXProject section */

/* Begin PBXResourcesBuildPhase section */
		C202415E1CBF2F2800DD0961 /* Resources */ = {
			isa = PBXResourcesBuildPhase;
			buildActionMask = 2147483647;
			files = (
				C202416E1CBF2F2800DD0961 /* LaunchScreen.storyboard in Resources */,
				C202416B1CBF2F2800DD0961 /* Assets.xcassets in Resources */,
				C20241691CBF2F2800DD0961 /* Main.storyboard in Resources */,
			);
			runOnlyForDeploymentPostprocessing = 0;
		};
/* End PBXResourcesBuildPhase section */

/* Begin PBXSourcesBuildPhase section */
		C202415C1CBF2F2800DD0961 /* Sources */ = {
			isa = PBXSourcesBuildPhase;
			buildActionMask = 2147483647;
			files = (
				C20241661CBF2F2800DD0961 /* ViewController.swift in Sources */,
				C20241641CBF2F2800DD0961 /* AppDelegate.swift in Sources */,
			);
			runOnlyForDeploymentPostprocessing = 0;
		};
/* End PBXSourcesBuildPhase section */

/* Begin PBXVariantGroup section */
		C20241671CBF2F2800DD0961 /* Main.storyboard */ = {
			isa = PBXVariantGroup;
			children = (
				C20241681CBF2F2800DD0961 /* Base */,
			);
			name = Main.storyboard;
			sourceTree = "<group>";
		};
		C202416C1CBF2F2800DD0961 /* LaunchScreen.storyboard */ = {
			isa = PBXVariantGroup;
			children = (
				C202416D1CBF2F2800DD0961 /* Base */,
			);
			name = LaunchScreen.storyboard;
			sourceTree = "<group>";
		};
/* End PBXVariantGroup section */

/* Begin XCBuildConfiguration section */
		C20241701CBF2F2800DD0961 /* Debug */ = {
			isa = XCBuildConfiguration;
			buildSettings = {
				ALWAYS_SEARCH_USER_PATHS = NO;
				CLANG_ANALYZER_NONNULL = YES;
				CLANG_CXX_LANGUAGE_STANDARD = "gnu++0x";
				CLANG_CXX_LIBRARY = "libc++";
				CLANG_ENABLE_MODULES = YES;
				CLANG_ENABLE_OBJC_ARC = YES;
				CLANG_WARN_BOOL_CONVERSION = YES;
				CLANG_WARN_CONSTANT_CONVERSION = YES;
				CLANG_WARN_DIRECT_OBJC_ISA_USAGE = YES_ERROR;
				CLANG_WARN_EMPTY_BODY = YES;
				CLANG_WARN_ENUM_CONVERSION = YES;
				CLANG_WARN_INT_CONVERSION = YES;
				CLANG_WARN_OBJC_ROOT_CLASS = YES_ERROR;
				CLANG_WARN_UNREACHABLE_CODE = YES;
				CLANG_WARN__DUPLICATE_METHOD_MATCH = YES;
				"CODE_SIGN_IDENTITY[sdk=iphoneos*]" = "iPhone Developer";
				COPY_PHASE_STRIP = NO;
				DEBUG_INFORMATION_FORMAT = dwarf;
				ENABLE_STRICT_OBJC_MSGSEND = YES;
				ENABLE_TESTABILITY = YES;
				GCC_C_LANGUAGE_STANDARD = gnu99;
				GCC_DYNAMIC_NO_PIC = NO;
				GCC_NO_COMMON_BLOCKS = YES;
				GCC_OPTIMIZATION_LEVEL = 0;
				GCC_PREPROCESSOR_DEFINITIONS = (
					"DEBUG=1",
					"$(inherited)",
				);
				GCC_WARN_64_TO_32_BIT_CONVERSION = YES;
				GCC_WARN_ABOUT_RETURN_TYPE = YES_ERROR;
				GCC_WARN_UNDECLARED_SELECTOR = YES;
				GCC_WARN_UNINITIALIZED_AUTOS = YES_AGGRESSIVE;
				GCC_WARN_UNUSED_FUNCTION = YES;
				GCC_WARN_UNUSED_VARIABLE = YES;
				IPHONEOS_DEPLOYMENT_TARGET = 9.3;
				MTL_ENABLE_DEBUG_INFO = YES;
				ONLY_ACTIVE_ARCH = YES;
				SDKROOT = iphoneos;
				SWIFT_OPTIMIZATION_LEVEL = "-Onone";
			};
			name = Debug;
		};
		C20241711CBF2F2800DD0961 /* Release */ = {
			isa = XCBuildConfiguration;
			buildSettings = {
				ALWAYS_SEARCH_USER_PATHS = NO;
				CLANG_ANALYZER_NONNULL = YES;
				CLANG_CXX_LANGUAGE_STANDARD = "gnu++0x";
				CLANG_CXX_LIBRARY = "libc++";
				CLANG_ENABLE_MODULES = YES;
				CLANG_ENABLE_OBJC_ARC = YES;
				CLANG_WARN_BOOL_CONVERSION = YES;
				CLANG_WARN_CONSTANT_CONVERSION = YES;
				CLANG_WARN_DIRECT_OBJC_ISA_USAGE = YES_ERROR;
				CLANG_WARN_EMPTY_BODY = YES;
				CLANG_WARN_ENUM_CONVERSION = YES;
				CLANG_WARN_INT_CONVERSION = YES;
				CLANG_WARN_OBJC_ROOT_CLASS = YES_ERROR;
				CLANG_WARN_UNREACHABLE_CODE = YES;
				CLANG_WARN__DUPLICATE_METHOD_MATCH = YES;
				"CODE_SIGN_IDENTITY[sdk=iphoneos*]" = "iPhone Developer";
				COPY_PHASE_STRIP = NO;
				DEBUG_INFORMATION_FORMAT = "dwarf-with-dsym";
				ENABLE_NS_ASSERTIONS = NO;
				ENABLE_STRICT_OBJC_MSGSEND = YES;
				GCC_C_LANGUAGE_STANDARD = gnu99;
				GCC_NO_COMMON_BLOCKS = YES;
				GCC_WARN_64_TO_32_BIT_CONVERSION = YES;
				GCC_WARN_ABOUT_RETURN_TYPE = YES_ERROR;
				GCC_WARN_UNDECLARED_SELECTOR = YES;
				GCC_WARN_UNINITIALIZED_AUTOS = YES_AGGRESSIVE;
				GCC_WARN_UNUSED_FUNCTION = YES;
				GCC_WARN_UNUSED_VARIABLE = YES;
				IPHONEOS_DEPLOYMENT_TARGET = 9.3;
				MTL_ENABLE_DEBUG_INFO = NO;
				SDKROOT = iphoneos;
				VALIDATE_PRODUCT = YES;
			};
			name = Release;
		};
		C20241731CBF2F2800DD0961 /* Debug */ = {
			isa = XCBuildConfiguration;
			buildSettings = {
				ASSETCATALOG_COMPILER_APPICON_NAME = AppIcon;
				INFOPLIST_FILE = CoolApp/Info.plist;
				LD_RUNPATH_SEARCH_PATHS = "$(inherited) @executable_path/Frameworks";
				PRODUCT_BUNDLE_IDENTIFIER = com.indasil.CoolApp;
				PRODUCT_NAME = "$(TARGET_NAME)";
			};
			name = Debug;
		};
		C20241741CBF2F2800DD0961 /* Release */ = {
			isa = XCBuildConfiguration;
			buildSettings = {
				ASSETCATALOG_COMPILER_APPICON_NAME = AppIcon;
				INFOPLIST_FILE = CoolApp/Info.plist;
				LD_RUNPATH_SEARCH_PATHS = "$(inherited) @executable_path/Frameworks";
				PRODUCT_BUNDLE_IDENTIFIER = com.indasil.CoolApp;
				PRODUCT_NAME = "$(TARGET_NAME)";
			};
			name = Release;
		};
/* End XCBuildConfiguration section */

/* Begin XCConfigurationList section */
		C202415B1CBF2F2800DD0961 /* Build configuration list for PBXProject "CoolApp" */ = {
			isa = XCConfigurationList;
			buildConfigurations = (
				C20241701CBF2F2800DD0961 /* Debug */,
				C20241711CBF2F2800DD0961 /* Release */,
			);
			defaultConfigurationIsVisible = 0;
			defaultConfigurationName = Release;
		};
		C20241721CBF2F2800DD0961 /* Build configuration list for PBXNativeTarget "CoolApp" */ = {
			isa = XCConfigurationList;
			buildConfigurations = (
				C20241731CBF2F2800DD0961 /* Debug */,
				C20241741CBF2F2800DD0961 /* Release */,
			);
			defaultConfigurationIsVisible = 0;
		};
/* End XCConfigurationList section */
	};
	rootObject = C20241581CBF2F2800DD0961 /* Project object */;
}
